
Microsoft Visual Studio Solution File, Format Version 12.00
# Visual Studio Version 16
VisualStudioVersion = 16.0.31424.327
MinimumVisualStudioVersion = 10.0.40219.1
Project("{9A19103F-16F7-4668-BE54-9A1E7A4F7556}") = "SeleniumTest", "SeleniumTest\SeleniumTest.csproj", "{5435240F-C668-49EB-974B-D7D463B8F923}"
EndProject
Project("{FAE04EC0-301F-11D3-BF4B-00C04F79EFBC}") = "DockerCompose", "DockerCompose\DockerCompose.csproj", "{67C7A78D-61EA-42D8-84D9-B6AC69352D75}"
EndProject
Global
	GlobalSection(SolutionConfigurationPlatforms) = preSolution
		Debug|Any CPU = Debug|Any CPU
		Release|Any CPU = Release|Any CPU
	EndGlobalSection
	GlobalSection(ProjectConfigurationPlatforms) = postSolution
		{5435240F-C668-49EB-974B-D7D463B8F923}.Debug|Any CPU.ActiveCfg = Debug|Any CPU
		{5435240F-C668-49EB-974B-D7D463B8F923}.Debug|Any CPU.Build.0 = Debug|Any CPU
		{5435240F-C668-49EB-974B-D7D463B8F923}.Release|Any CPU.ActiveCfg = Release|Any CPU
		{5435240F-C668-49EB-974B-D7D463B8F923}.Release|Any CPU.Build.0 = Release|Any CPU
		{67C7A78D-61EA-42D8-84D9-B6AC69352D75}.Debug|Any CPU.ActiveCfg = Debug|Any CPU
		{67C7A78D-61EA-42D8-84D9-B6AC69352D75}.Debug|Any CPU.Build.0 = Debug|Any CPU
		{67C7A78D-61EA-42D8-84D9-B6AC69352D75}.Release|Any CPU.ActiveCfg = Release|Any CPU
		{67C7A78D-61EA-42D8-84D9-B6AC69352D75}.Release|Any CPU.Build.0 = Release|Any CPU
	EndGlobalSection
	GlobalSection(SolutionProperties) = preSolution
		HideSolutionNode = FALSE
	EndGlobalSection
	GlobalSection(ExtensibilityGlobals) = postSolution
		SolutionGuid = {7BF7CE4D-8009-454E-AEA7-451469F52589}
	EndGlobalSection
EndGlobal
